
Microsoft Visual Studio Solution File, Format Version 12.00
# Visual Studio Version 16
VisualStudioVersion = 16.0.30907.101
MinimumVisualStudioVersion = 10.0.40219.1
Project("{8BC9CEB8-8B4A-11D0-8D11-00A0C91BC942}") = "MEDT_Joint", "MEDT_Joint.vcxproj", "{584CB0AA-281C-4050-B498-43511423ED2D}"
EndProject
Global
	GlobalSection(SolutionConfigurationPlatforms) = preSolution
		Debug|x64 = Debug|x64
		Debug|x86 = Debug|x86
		Release|x64 = Release|x64
		Release|x86 = Release|x86
	EndGlobalSection
	GlobalSection(ProjectConfigurationPlatforms) = postSolution
		{584CB0AA-281C-4050-B498-43511423ED2D}.Debug|x64.ActiveCfg = Debug|x64
		{584CB0AA-281C-4050-B498-43511423ED2D}.Debug|x64.Build.0 = Debug|x64
		{584CB0AA-281C-4050-B498-43511423ED2D}.Debug|x86.ActiveCfg = Debug|Win32
		{584CB0AA-281C-4050-B498-43511423ED2D}.Debug|x86.Build.0 = Debug|Win32
		{584CB0AA-281C-4050-B498-43511423ED2D}.Release|x64.ActiveCfg = Release|x64
		{584CB0AA-281C-4050-B498-43511423ED2D}.Release|x64.Build.0 = Release|x64
		{584CB0AA-281C-4050-B498-43511423ED2D}.Release|x86.ActiveCfg = Release|Win32
		{584CB0AA-281C-4050-B498-43511423ED2D}.Release|x86.Build.0 = Release|Win32
	EndGlobalSection
	GlobalSection(SolutionProperties) = preSolution
		HideSolutionNode = FALSE
	EndGlobalSection
	GlobalSection(ExtensibilityGlobals) = postSolution
		SolutionGuid = {629E037E-8304-468A-83D9-8EEA3FBB0571}
	EndGlobalSection
EndGlobal
